
Microsoft Visual Studio Solution File, Format Version 12.00
# Visual Studio Version 17
VisualStudioVersion = 17.6.33829.357
MinimumVisualStudioVersion = 10.0.40219.1
Project("{FAE04EC0-301F-11D3-BF4B-00C04F79EFBC}") = "WPF_withListBox", "WPF_withListBox\WPF_withListBox.csproj", "{2407E7DD-7573-4F31-BCE4-69EC85903EA9}"
EndProject
Global
	GlobalSection(SolutionConfigurationPlatforms) = preSolution
		Debug|Any CPU = Debug|Any CPU
		Release|Any CPU = Release|Any CPU
	EndGlobalSection
	GlobalSection(ProjectConfigurationPlatforms) = postSolution
		{2407E7DD-7573-4F31-BCE4-69EC85903EA9}.Debug|Any CPU.ActiveCfg = Debug|Any CPU
		{2407E7DD-7573-4F31-BCE4-69EC85903EA9}.Debug|Any CPU.Build.0 = Debug|Any CPU
		{2407E7DD-7573-4F31-BCE4-69EC85903EA9}.Release|Any CPU.ActiveCfg = Release|Any CPU
		{2407E7DD-7573-4F31-BCE4-69EC85903EA9}.Release|Any CPU.Build.0 = Release|Any CPU
	EndGlobalSection
	GlobalSection(SolutionProperties) = preSolution
		HideSolutionNode = FALSE
	EndGlobalSection
	GlobalSection(ExtensibilityGlobals) = postSolution
		SolutionGuid = {3E16F511-D031-4983-B25C-CBDCCA553934}
	EndGlobalSection
EndGlobal
